// !$*UTF8*$!
{
	archiveVersion = 1;
	classes = {
	};
	objectVersion = 51;
	objects = {

/* Begin PBXBuildFile section */
		9094F50923121A8F00D885C5 /* AppDelegate.swift in Sources */ = {isa = PBXBuildFile; fileRef = 9094F50823121A8F00D885C5 /* AppDelegate.swift */; };
		9094F50B23121A8F00D885C5 /* NotificationViewController.swift in Sources */ = {isa = PBXBuildFile; fileRef = 9094F50A23121A8F00D885C5 /* NotificationViewController.swift */; };
		9094F50E23121A8F00D885C5 /* Main.storyboard in Resources */ = {isa = PBXBuildFile; fileRef = 9094F50C23121A8F00D885C5 /* Main.storyboard */; };
		9094F51023121A9000D885C5 /* Assets.xcassets in Resources */ = {isa = PBXBuildFile; fileRef = 9094F50F23121A9000D885C5 /* Assets.xcassets */; };
		9094F51323121A9000D885C5 /* LaunchScreen.storyboard in Resources */ = {isa = PBXBuildFile; fileRef = 9094F51123121A9000D885C5 /* LaunchScreen.storyboard */; };
		9094F51C23121AF600D885C5 /* RadioViewController.m in Sources */ = {isa = PBXBuildFile; fileRef = 9094F51B23121AF600D885C5 /* RadioViewController.m */; };
		9094F51F23121C0C00D885C5 /* WebSiteViewController.swift in Sources */ = {isa = PBXBuildFile; fileRef = 9094F51E23121C0C00D885C5 /* WebSiteViewController.swift */; };
		9094F52123121E1B00D885C5 /* MainTabController.swift in Sources */ = {isa = PBXBuildFile; fileRef = 9094F52023121E1B00D885C5 /* MainTabController.swift */; };
		90A661CA2322CBF300D8D658 /* AudioToolbox.framework in Frameworks */ = {isa = PBXBuildFile; fileRef = 90A661C92322CBF300D8D658 /* AudioToolbox.framework */; };
/* End PBXBuildFile section */

/* Begin PBXFileReference section */
		907308222318884300E2D3AA /* dia_de_victoria_radio_swiftRelease.entitlements */ = {isa = PBXFileReference; lastKnownFileType = text.plist.entitlements; path = dia_de_victoria_radio_swiftRelease.entitlements; sourceTree = "<group>"; };
		907308232318884300E2D3AA /* dia_de_victoria_radio_swift.entitlements */ = {isa = PBXFileReference; lastKnownFileType = text.plist.entitlements; path = dia_de_victoria_radio_swift.entitlements; sourceTree = "<group>"; };
		9094F50523121A8F00D885C5 /* dia_de_victoria_radio_swift.app */ = {isa = PBXFileReference; explicitFileType = wrapper.application; includeInIndex = 0; path = dia_de_victoria_radio_swift.app; sourceTree = BUILT_PRODUCTS_DIR; };
		9094F50823121A8F00D885C5 /* AppDelegate.swift */ = {isa = PBXFileReference; lastKnownFileType = sourcecode.swift; path = AppDelegate.swift; sourceTree = "<group>"; };
		9094F50A23121A8F00D885C5 /* NotificationViewController.swift */ = {isa = PBXFileReference; lastKnownFileType = sourcecode.swift; path = NotificationViewController.swift; sourceTree = "<group>"; };
		9094F50D23121A8F00D885C5 /* Base */ = {isa = PBXFileReference; lastKnownFileType = file.storyboard; name = Base; path = Base.lproj/Main.storyboard; sourceTree = "<group>"; };
		9094F50F23121A9000D885C5 /* Assets.xcassets */ = {isa = PBXFileReference; lastKnownFileType = folder.assetcatalog; path = Assets.xcassets; sourceTree = "<group>"; };
		9094F51223121A9000D885C5 /* Base */ = {isa = PBXFileReference; lastKnownFileType = file.storyboard; name = Base; path = Base.lproj/LaunchScreen.storyboard; sourceTree = "<group>"; };
		9094F51423121A9000D885C5 /* Info.plist */ = {isa = PBXFileReference; lastKnownFileType = text.plist.xml; path = Info.plist; sourceTree = "<group>"; };
		9094F51A23121AF600D885C5 /* dia_de_victoria_radio_swift-Bridging-Header.h */ = {isa = PBXFileReference; lastKnownFileType = sourcecode.c.h; path = "dia_de_victoria_radio_swift-Bridging-Header.h"; sourceTree = "<group>"; };
		9094F51B23121AF600D885C5 /* RadioViewController.m */ = {isa = PBXFileReference; lastKnownFileType = sourcecode.c.objc; path = RadioViewController.m; sourceTree = "<group>"; };
		9094F51D23121B3600D885C5 /* RadioViewController.h */ = {isa = PBXFileReference; lastKnownFileType = sourcecode.c.h; path = RadioViewController.h; sourceTree = "<group>"; };
		9094F51E23121C0C00D885C5 /* WebSiteViewController.swift */ = {isa = PBXFileReference; lastKnownFileType = sourcecode.swift; path = WebSiteViewController.swift; sourceTree = "<group>"; };
		9094F52023121E1B00D885C5 /* MainTabController.swift */ = {isa = PBXFileReference; fileEncoding = 4; lastKnownFileType = sourcecode.swift; path = MainTabController.swift; sourceTree = "<group>"; };
		90A661C92322CBF300D8D658 /* AudioToolbox.framework */ = {isa = PBXFileReference; lastKnownFileType = wrapper.framework; name = AudioToolbox.framework; path = System/Library/Frameworks/AudioToolbox.framework; sourceTree = SDKROOT; };
/* End PBXFileReference section */

/* Begin PBXFrameworksBuildPhase section */
		9094F50223121A8F00D885C5 /* Frameworks */ = {
			isa = PBXFrameworksBuildPhase;
			buildActionMask = 2147483647;
			files = (
				90A661CA2322CBF300D8D658 /* AudioToolbox.framework in Frameworks */,
			);
			runOnlyForDeploymentPostprocessing = 0;
		};
/* End PBXFrameworksBuildPhase section */

/* Begin PBXGroup section */
		9094F4FC23121A8F00D885C5 = {
			isa = PBXGroup;
			children = (
				9094F50723121A8F00D885C5 /* dia_de_victoria_radio_swift */,
				9094F50623121A8F00D885C5 /* Products */,
				90ACA0552318633E00F5CAAE /* Frameworks */,
			);
			sourceTree = "<group>";
		};
		9094F50623121A8F00D885C5 /* Products */ = {
			isa = PBXGroup;
			children = (
				9094F50523121A8F00D885C5 /* dia_de_victoria_radio_swift.app */,
			);
			name = Products;
			sourceTree = "<group>";
		};
		9094F50723121A8F00D885C5 /* dia_de_victoria_radio_swift */ = {
			isa = PBXGroup;
			children = (
				907308232318884300E2D3AA /* dia_de_victoria_radio_swift.entitlements */,
				907308222318884300E2D3AA /* dia_de_victoria_radio_swiftRelease.entitlements */,
				9094F50823121A8F00D885C5 /* AppDelegate.swift */,
				9094F51E23121C0C00D885C5 /* WebSiteViewController.swift */,
				9094F50A23121A8F00D885C5 /* NotificationViewController.swift */,
				9094F52023121E1B00D885C5 /* MainTabController.swift */,
				9094F51D23121B3600D885C5 /* RadioViewController.h */,
				9094F51B23121AF600D885C5 /* RadioViewController.m */,
				9094F50C23121A8F00D885C5 /* Main.storyboard */,
				9094F50F23121A9000D885C5 /* Assets.xcassets */,
				9094F51123121A9000D885C5 /* LaunchScreen.storyboard */,
				9094F51423121A9000D885C5 /* Info.plist */,
				9094F51A23121AF600D885C5 /* dia_de_victoria_radio_swift-Bridging-Header.h */,
			);
			path = dia_de_victoria_radio_swift;
			sourceTree = "<group>";
		};
		90ACA0552318633E00F5CAAE /* Frameworks */ = {
			isa = PBXGroup;
			children = (
				90A661C92322CBF300D8D658 /* AudioToolbox.framework */,
			);
			name = Frameworks;
			sourceTree = "<group>";
		};
/* End PBXGroup section */

/* Begin PBXNativeTarget section */
		9094F50423121A8F00D885C5 /* dia_de_victoria_radio_swift */ = {
			isa = PBXNativeTarget;
			buildConfigurationList = 9094F51723121A9000D885C5 /* Build configuration list for PBXNativeTarget "dia_de_victoria_radio_swift" */;
			buildPhases = (
				9094F50123121A8F00D885C5 /* Sources */,
				9094F50223121A8F00D885C5 /* Frameworks */,
				9094F50323121A8F00D885C5 /* Resources */,
			);
			buildRules = (
			);
			dependencies = (
			);
			name = dia_de_victoria_radio_swift;
			productName = dia_de_victoria_radio_swift;
			productReference = 9094F50523121A8F00D885C5 /* dia_de_victoria_radio_swift.app */;
			productType = "com.apple.product-type.application";
		};
/* End PBXNativeTarget section */

/* Begin PBXProject section */
		9094F4FD23121A8F00D885C5 /* Project object */ = {
			isa = PBXProject;
			attributes = {
				LastSwiftUpdateCheck = 1030;
				LastUpgradeCheck = 1030;
				ORGANIZATIONNAME = "Angel Gabriel Ascanio Duran";
				TargetAttributes = {
					9094F50423121A8F00D885C5 = {
						CreatedOnToolsVersion = 10.3;
						LastSwiftMigration = 1030;
						SystemCapabilities = {
							com.apple.BackgroundModes = {
								enabled = 1;
							};
							com.apple.InterAppAudio = {
								enabled = 1;
							};
							com.apple.Push = {
								enabled = 1;
							};
						};
					};
				};
			};
			buildConfigurationList = 9094F50023121A8F00D885C5 /* Build configuration list for PBXProject "dia_de_victoria_radio_swift" */;
			compatibilityVersion = "Xcode 10.0";
			developmentRegion = en;
			hasScannedForEncodings = 0;
			knownRegions = (
				en,
				Base,
			);
			mainGroup = 9094F4FC23121A8F00D885C5;
			productRefGroup = 9094F50623121A8F00D885C5 /* Products */;
			projectDirPath = "";
			projectRoot = "";
			targets = (
				9094F50423121A8F00D885C5 /* dia_de_victoria_radio_swift */,
			);
		};
/* End PBXProject section */

/* Begin PBXResourcesBuildPhase section */
		9094F50323121A8F00D885C5 /* Resources */ = {
			isa = PBXResourcesBuildPhase;
			buildActionMask = 2147483647;
			files = (
				9094F51323121A9000D885C5 /* LaunchScreen.storyboard in Resources */,
				9094F51023121A9000D885C5 /* Assets.xcassets in Resources */,
				9094F50E23121A8F00D885C5 /* Main.storyboard in Resources */,
			);
			runOnlyForDeploymentPostprocessing = 0;
		};
/* End PBXResourcesBuildPhase section */

/* Begin PBXSourcesBuildPhase section */
		9094F50123121A8F00D885C5 /* Sources */ = {
			isa = PBXSourcesBuildPhase;
			buildActionMask = 2147483647;
			files = (
				9094F51F23121C0C00D885C5 /* WebSiteViewController.swift in Sources */,
				9094F51C23121AF600D885C5 /* RadioViewController.m in Sources */,
				9094F52123121E1B00D885C5 /* MainTabController.swift in Sources */,
				9094F50B23121A8F00D885C5 /* NotificationViewController.swift in Sources */,
				9094F50923121A8F00D885C5 /* AppDelegate.swift in Sources */,
			);
			runOnlyForDeploymentPostprocessing = 0;
		};
/* End PBXSourcesBuildPhase section */

/* Begin PBXVariantGroup section */
		9094F50C23121A8F00D885C5 /* Main.storyboard */ = {
			isa = PBXVariantGroup;
			children = (
				9094F50D23121A8F00D885C5 /* Base */,
			);
			name = Main.storyboard;
			sourceTree = "<group>";
		};
		9094F51123121A9000D885C5 /* LaunchScreen.storyboard */ = {
			isa = PBXVariantGroup;
			children = (
				9094F51223121A9000D885C5 /* Base */,
			);
			name = LaunchScreen.storyboard;
			sourceTree = "<group>";
		};
/* End PBXVariantGroup section */

/* Begin XCBuildConfiguration section */
		9094F51523121A9000D885C5 /* Debug */ = {
			isa = XCBuildConfiguration;
			buildSettings = {
				ALWAYS_SEARCH_USER_PATHS = NO;
				CLANG_ANALYZER_NONNULL = YES;
				CLANG_ANALYZER_NUMBER_OBJECT_CONVERSION = YES_AGGRESSIVE;
				CLANG_CXX_LANGUAGE_STANDARD = "gnu++14";
				CLANG_CXX_LIBRARY = "libc++";
				CLANG_ENABLE_MODULES = YES;
				CLANG_ENABLE_OBJC_ARC = YES;
				CLANG_ENABLE_OBJC_WEAK = YES;
				CLANG_WARN_BLOCK_CAPTURE_AUTORELEASING = YES;
				CLANG_WARN_BOOL_CONVERSION = YES;
				CLANG_WARN_COMMA = YES;
				CLANG_WARN_CONSTANT_CONVERSION = YES;
				CLANG_WARN_DEPRECATED_OBJC_IMPLEMENTATIONS = YES;
				CLANG_WARN_DIRECT_OBJC_ISA_USAGE = YES_ERROR;
				CLANG_WARN_DOCUMENTATION_COMMENTS = YES;
				CLANG_WARN_EMPTY_BODY = YES;
				CLANG_WARN_ENUM_CONVERSION = YES;
				CLANG_WARN_INFINITE_RECURSION = YES;
				CLANG_WARN_INT_CONVERSION = YES;
				CLANG_WARN_NON_LITERAL_NULL_CONVERSION = YES;
				CLANG_WARN_OBJC_IMPLICIT_RETAIN_SELF = YES;
				CLANG_WARN_OBJC_LITERAL_CONVERSION = YES;
				CLANG_WARN_OBJC_ROOT_CLASS = YES_ERROR;
				CLANG_WARN_RANGE_LOOP_ANALYSIS = YES;
				CLANG_WARN_STRICT_PROTOTYPES = YES;
				CLANG_WARN_SUSPICIOUS_MOVE = YES;
				CLANG_WARN_UNGUARDED_AVAILABILITY = YES_AGGRESSIVE;
				CLANG_WARN_UNREACHABLE_CODE = YES;
				CLANG_WARN__DUPLICATE_METHOD_MATCH = YES;
				CODE_SIGN_IDENTITY = "iPhone Developer";
				COPY_PHASE_STRIP = NO;
				DEBUG_INFORMATION_FORMAT = dwarf;
				ENABLE_STRICT_OBJC_MSGSEND = YES;
				ENABLE_TESTABILITY = YES;
				GCC_C_LANGUAGE_STANDARD = gnu11;
				GCC_DYNAMIC_NO_PIC = NO;
				GCC_NO_COMMON_BLOCKS = YES;
				GCC_OPTIMIZATION_LEVEL = 0;
				GCC_PREPROCESSOR_DEFINITIONS = (
					"DEBUG=1",
					"$(inherited)",
				);
				GCC_WARN_64_TO_32_BIT_CONVERSION = YES;
				GCC_WARN_ABOUT_RETURN_TYPE = YES_ERROR;
				GCC_WARN_UNDECLARED_SELECTOR = YES;
				GCC_WARN_UNINITIALIZED_AUTOS = YES_AGGRESSIVE;
				GCC_WARN_UNUSED_FUNCTION = YES;
				GCC_WARN_UNUSED_VARIABLE = YES;
				IPHONEOS_DEPLOYMENT_TARGET = 12.4;
				MTL_ENABLE_DEBUG_INFO = INCLUDE_SOURCE;
				MTL_FAST_MATH = YES;
				ONLY_ACTIVE_ARCH = YES;
				SDKROOT = iphoneos;
				SWIFT_ACTIVE_COMPILATION_CONDITIONS = DEBUG;
				SWIFT_OPTIMIZATION_LEVEL = "-Onone";
			};
			name = Debug;
		};
		9094F51623121A9000D885C5 /* Release */ = {
			isa = XCBuildConfiguration;
			buildSettings = {
				ALWAYS_SEARCH_USER_PATHS = NO;
				CLANG_ANALYZER_NONNULL = YES;
				CLANG_ANALYZER_NUMBER_OBJECT_CONVERSION = YES_AGGRESSIVE;
				CLANG_CXX_LANGUAGE_STANDARD = "gnu++14";
				CLANG_CXX_LIBRARY = "libc++";
				CLANG_ENABLE_MODULES = YES;
				CLANG_ENABLE_OBJC_ARC = YES;
				CLANG_ENABLE_OBJC_WEAK = YES;
				CLANG_WARN_BLOCK_CAPTURE_AUTORELEASING = YES;
				CLANG_WARN_BOOL_CONVERSION = YES;
				CLANG_WARN_COMMA = YES;
				CLANG_WARN_CONSTANT_CONVERSION = YES;
				CLANG_WARN_DEPRECATED_OBJC_IMPLEMENTATIONS = YES;
				CLANG_WARN_DIRECT_OBJC_ISA_USAGE = YES_ERROR;
				CLANG_WARN_DOCUMENTATION_COMMENTS = YES;
				CLANG_WARN_EMPTY_BODY = YES;
				CLANG_WARN_ENUM_CONVERSION = YES;
				CLANG_WARN_INFINITE_RECURSION = YES;
				CLANG_WARN_INT_CONVERSION = YES;
				CLANG_WARN_NON_LITERAL_NULL_CONVERSION = YES;
				CLANG_WARN_OBJC_IMPLICIT_RETAIN_SELF = YES;
				CLANG_WARN_OBJC_LITERAL_CONVERSION = YES;
				CLANG_WARN_OBJC_ROOT_CLASS = YES_ERROR;
				CLANG_WARN_RANGE_LOOP_ANALYSIS = YES;
				CLANG_WARN_STRICT_PROTOTYPES = YES;
				CLANG_WARN_SUSPICIOUS_MOVE = YES;
				CLANG_WARN_UNGUARDED_AVAILABILITY = YES_AGGRESSIVE;
				CLANG_WARN_UNREACHABLE_CODE = YES;
				CLANG_WARN__DUPLICATE_METHOD_MATCH = YES;
				CODE_SIGN_IDENTITY = "iPhone Developer";
				COPY_PHASE_STRIP = NO;
				DEBUG_INFORMATION_FORMAT = "dwarf-with-dsym";
				ENABLE_NS_ASSERTIONS = NO;
				ENABLE_STRICT_OBJC_MSGSEND = YES;
				GCC_C_LANGUAGE_STANDARD = gnu11;
				GCC_NO_COMMON_BLOCKS = YES;
				GCC_WARN_64_TO_32_BIT_CONVERSION = YES;
				GCC_WARN_ABOUT_RETURN_TYPE = YES_ERROR;
				GCC_WARN_UNDECLARED_SELECTOR = YES;
				GCC_WARN_UNINITIALIZED_AUTOS = YES_AGGRESSIVE;
				GCC_WARN_UNUSED_FUNCTION = YES;
				GCC_WARN_UNUSED_VARIABLE = YES;
				IPHONEOS_DEPLOYMENT_TARGET = 12.4;
				MTL_ENABLE_DEBUG_INFO = NO;
				MTL_FAST_MATH = YES;
				SDKROOT = iphoneos;
				SWIFT_COMPILATION_MODE = wholemodule;
				SWIFT_OPTIMIZATION_LEVEL = "-O";
				VALIDATE_PRODUCT = YES;
			};
			name = Release;
		};
		9094F51823121A9000D885C5 /* Debug */ = {
			isa = XCBuildConfiguration;
			buildSettings = {
				ASSETCATALOG_COMPILER_APPICON_NAME = AppIcon;
				CLANG_ENABLE_MODULES = YES;
				CODE_SIGN_ENTITLEMENTS = dia_de_victoria_radio_swift/dia_de_victoria_radio_swift.entitlements;
				CODE_SIGN_IDENTITY = "iPhone Distribution";
				CODE_SIGN_STYLE = Manual;
				CURRENT_PROJECT_VERSION = 7;
				DEVELOPMENT_TEAM = 7TM634Z4UM;
				INFOPLIST_FILE = dia_de_victoria_radio_swift/Info.plist;
				IPHONEOS_DEPLOYMENT_TARGET = 10.0;
				LD_RUNPATH_SEARCH_PATHS = (
					"$(inherited)",
					"@executable_path/Frameworks",
				);
				MARKETING_VERSION = 1.0.1;
				PRODUCT_BUNDLE_IDENTIFIER = com.gabodev.diadevictoriaradioonline;
				PRODUCT_NAME = "$(TARGET_NAME)";
				PROVISIONING_PROFILE_SPECIFIER = dia_de_victoria_radio_online_master_live;
				SWIFT_OBJC_BRIDGING_HEADER = "dia_de_victoria_radio_swift/dia_de_victoria_radio_swift-Bridging-Header.h";
				SWIFT_OPTIMIZATION_LEVEL = "-Onone";
				SWIFT_VERSION = 5.0;
				TARGETED_DEVICE_FAMILY = "1,2";
			};
			name = Debug;
		};
		9094F51923121A9000D885C5 /* Release */ = {
			isa = XCBuildConfiguration;
			buildSettings = {
				ASSETCATALOG_COMPILER_APPICON_NAME = AppIcon;
				CLANG_ENABLE_MODULES = YES;
				CODE_SIGN_ENTITLEMENTS = dia_de_victoria_radio_swift/dia_de_victoria_radio_swift.entitlements;
				CODE_SIGN_IDENTITY = "iPhone Distribution";
				CODE_SIGN_STYLE = Manual;
				CURRENT_PROJECT_VERSION = 7;
				DEVELOPMENT_TEAM = 7TM634Z4UM;
				INFOPLIST_FILE = dia_de_victoria_radio_swift/Info.plist;
				IPHONEOS_DEPLOYMENT_TARGET = 10.0;
				LD_RUNPATH_SEARCH_PATHS = (
					"$(inherited)",
					"@executable_path/Frameworks",
				);
				MARKETING_VERSION = 1.0.1;
				ONLY_ACTIVE_ARCH = NO;
				PRODUCT_BUNDLE_IDENTIFIER = com.gabodev.diadevictoriaradioonline;
				PRODUCT_NAME = "$(TARGET_NAME)";
				PROVISIONING_PROFILE_SPECIFIER = dia_de_victoria_radio_online_master_live;
				SWIFT_OBJC_BRIDGING_HEADER = "dia_de_victoria_radio_swift/dia_de_victoria_radio_swift-Bridging-Header.h";
				SWIFT_VERSION = 5.0;
				TARGETED_DEVICE_FAMILY = "1,2";
			};
			name = Release;
		};
/* End XCBuildConfiguration section */

/* Begin XCConfigurationList section */
		9094F50023121A8F00D885C5 /* Build configuration list for PBXProject "dia_de_victoria_radio_swift" */ = {
			isa = XCConfigurationList;
			buildConfigurations = (
				9094F51523121A9000D885C5 /* Debug */,
				9094F51623121A9000D885C5 /* Release */,
			);
			defaultConfigurationIsVisible = 0;
			defaultConfigurationName = Release;
		};
		9094F51723121A9000D885C5 /* Build configuration list for PBXNativeTarget "dia_de_victoria_radio_swift" */ = {
			isa = XCConfigurationList;
			buildConfigurations = (
				9094F51823121A9000D885C5 /* Debug */,
				9094F51923121A9000D885C5 /* Release */,
			);
			defaultConfigurationIsVisible = 0;
			defaultConfigurationName = Release;
		};
/* End XCConfigurationList section */
	};
	rootObject = 9094F4FD23121A8F00D885C5 /* Project object */;
}
